// !$*UTF8*$!
{
	archiveVersion = 1;
	classes = {
	};
	objectVersion = 50;
	objects = {

/* Begin PBXBuildFile section */
		0F55E00E3F81EA42E7976566 /* Pods_IOS_OC_BASIC.framework in Frameworks */ = {isa = PBXBuildFile; fileRef = 9C41181EEE9A2DBBFC1EB5D9 /* Pods_IOS_OC_BASIC.framework */; };
		A6E43EF0B0FCD6C7B6207DD8 /* Pods_IOS_OC_BASIC.framework in Frameworks */ = {isa = PBXBuildFile; fileRef = 9C41181EEE9A2DBBFC1EB5D9 /* Pods_IOS_OC_BASIC.framework */; };
		B816EAF8212C13B600EB5C58 /* closed_con@2x.png in Resources */ = {isa = PBXBuildFile; fileRef = B816EAED212C0CB200EB5C58 /* closed_con@2x.png */; };
		B816EAF9212C13B600EB5C58 /* closed_con@3x.png in Resources */ = {isa = PBXBuildFile; fileRef = B816EAE8212C0CB100EB5C58 /* closed_con@3x.png */; };
		B8B7B7DC212F9C1500DF3D87 /* YFAVUtil.h in Headers */ = {isa = PBXBuildFile; fileRef = B8B7B7DB212F9C1500DF3D87 /* YFAVUtil.h */; };
		B8DED581211AED4200234903 /* IOS_OC_BaseKit.framework in Frameworks */ = {isa = PBXBuildFile; fileRef = B8DED57A211AED4200234903 /* IOS_OC_BaseKit.framework */; };
		B8DED582211AED4200234903 /* IOS_OC_BaseKit.framework in Embed Frameworks */ = {isa = PBXBuildFile; fileRef = B8DED57A211AED4200234903 /* IOS_OC_BaseKit.framework */; settings = {ATTRIBUTES = (CodeSignOnCopy, RemoveHeadersOnCopy, ); }; };
		B8DED683211B2C8A00234903 /* LaunchScreen.storyboard in Resources */ = {isa = PBXBuildFile; fileRef = B8DED633211B2C8900234903 /* LaunchScreen.storyboard */; };
		B8DED684211B2C8A00234903 /* Localizable.strings in Resources */ = {isa = PBXBuildFile; fileRef = B8DED635211B2C8900234903 /* Localizable.strings */; };
		B8DED685211B2C8A00234903 /* InfoPlist.strings in Resources */ = {isa = PBXBuildFile; fileRef = B8DED637211B2C8900234903 /* InfoPlist.strings */; };
		B8DED686211B2C8A00234903 /* main.m in Sources */ = {isa = PBXBuildFile; fileRef = B8DED639211B2C8900234903 /* main.m */; };
		B8DED687211B2C8A00234903 /* AppDelegate.m in Sources */ = {isa = PBXBuildFile; fileRef = B8DED63A211B2C8900234903 /* AppDelegate.m */; };
		B8DED688211B2C8A00234903 /* Podfile in Resources */ = {isa = PBXBuildFile; fileRef = B8DED63B211B2C8900234903 /* Podfile */; };
		B8DED689211B2C8A00234903 /* Info.plist in Resources */ = {isa = PBXBuildFile; fileRef = B8DED63C211B2C8900234903 /* Info.plist */; };
		B8DED68A211B2C8A00234903 /* mystring.strings in Resources */ = {isa = PBXBuildFile; fileRef = B8DED63D211B2C8900234903 /* mystring.strings */; };
		B8DED68B211B2C8A00234903 /* H264VideoParser.m in Sources */ = {isa = PBXBuildFile; fileRef = B8DED63F211B2C8900234903 /* H264VideoParser.m */; };
		B8DED68C211B2C8A00234903 /* YFUtil.m in Sources */ = {isa = PBXBuildFile; fileRef = B8DED640211B2C8900234903 /* YFUtil.m */; };
		B8DED68D211B2C8A00234903 /* conf.plist in Resources */ = {isa = PBXBuildFile; fileRef = B8DED641211B2C8900234903 /* conf.plist */; };
		B8DED693211B2C8A00234903 /* cons.plist in Resources */ = {isa = PBXBuildFile; fileRef = B8DED64D211B2C8900234903 /* cons.plist */; };
		B8DED694211B2C8A00234903 /* IOS_OC_BASIC.podspec in Resources */ = {isa = PBXBuildFile; fileRef = B8DED651211B2C8900234903 /* IOS_OC_BASIC.podspec */; };
		B8DED695211B2C8A00234903 /* Assets.xcassets in Resources */ = {isa = PBXBuildFile; fileRef = B8DED652211B2C8900234903 /* Assets.xcassets */; };
		B8DED696211B2C8A00234903 /* BasicVC.m in Sources */ = {isa = PBXBuildFile; fileRef = B8DED655211B2C8900234903 /* BasicVC.m */; };
		B8DED74E211BD47900234903 /* UIImage+AV.m in Sources */ = {isa = PBXBuildFile; fileRef = B8DED6EF211BD47900234903 /* UIImage+AV.m */; };
		B8DED74F211BD47900234903 /* UIImage+Ex.m in Sources */ = {isa = PBXBuildFile; fileRef = B8DED6F0211BD47900234903 /* UIImage+Ex.m */; };
		B8DED750211BD47900234903 /* NSArray+Ex.m in Sources */ = {isa = PBXBuildFile; fileRef = B8DED6F1211BD47900234903 /* NSArray+Ex.m */; };
		B8DED751211BD47900234903 /* UIView+Ex.m in Sources */ = {isa = PBXBuildFile; fileRef = B8DED6F4211BD47900234903 /* UIView+Ex.m */; };
		B8DED752211BD47900234903 /* NSString+Hash.m in Sources */ = {isa = PBXBuildFile; fileRef = B8DED6FD211BD47900234903 /* NSString+Hash.m */; };
		B8DED753211BD47900234903 /* MyMD5.m in Sources */ = {isa = PBXBuildFile; fileRef = B8DED6FE211BD47900234903 /* MyMD5.m */; };
		B8DED754211BD47900234903 /* NSDate+Ex.m in Sources */ = {isa = PBXBuildFile; fileRef = B8DED702211BD47900234903 /* NSDate+Ex.m */; };
		B8DED755211BD47900234903 /* license in Resources */ = {isa = PBXBuildFile; fileRef = B8DED704211BD47900234903 /* license */; };
		B8DED756211BD47900234903 /* UIView+Toast.m in Sources */ = {isa = PBXBuildFile; fileRef = B8DED708211BD47900234903 /* UIView+Toast.m */; };
		B8DED757211BD47900234903 /* README.markdown in Resources */ = {isa = PBXBuildFile; fileRef = B8DED709211BD47900234903 /* README.markdown */; };
		B8DED758211BD47900234903 /* IUtil.m in Sources */ = {isa = PBXBuildFile; fileRef = B8DED70A211BD47900234903 /* IUtil.m */; };
		B8DED759211BD47900234903 /* UIViewController+Ex.m in Sources */ = {isa = PBXBuildFile; fileRef = B8DED70C211BD47900234903 /* UIViewController+Ex.m */; };
		B8DED75A211BD47900234903 /* UIBarButtonItem+Ex.m in Sources */ = {isa = PBXBuildFile; fileRef = B8DED70D211BD47900234903 /* UIBarButtonItem+Ex.m */; };
		B8DED75B211BD47900234903 /* NSTimer+BlocksSupport.m in Sources */ = {isa = PBXBuildFile; fileRef = B8DED70E211BD47900234903 /* NSTimer+BlocksSupport.m */; };
		B8DED75C211BD47900234903 /* NetUtil.m in Sources */ = {isa = PBXBuildFile; fileRef = B8DED710211BD47900234903 /* NetUtil.m */; };
		B8DED75D211BD47900234903 /* UIButton+Ex.m in Sources */ = {isa = PBXBuildFile; fileRef = B8DED713211BD47900234903 /* UIButton+Ex.m */; };
		B8DED75E211BD47900234903 /* YFAVUtil.m in Sources */ = {isa = PBXBuildFile; fileRef = B8DED714211BD47900234903 /* YFAVUtil.m */; };
		B8DED75F211BD47900234903 /* YFCate.m in Sources */ = {isa = PBXBuildFile; fileRef = B8DED715211BD47900234903 /* YFCate.m */; };
		B8DED760211BD47900234903 /* NSString+Ex.m in Sources */ = {isa = PBXBuildFile; fileRef = B8DED716211BD47900234903 /* NSString+Ex.m */; };
		B8DED761211BD47900234903 /* UIImageView+WEB.m in Sources */ = {isa = PBXBuildFile; fileRef = B8DED717211BD47900234903 /* UIImageView+WEB.m */; };
		B8DED762211BD47900234903 /* NSObject+Ex.m in Sources */ = {isa = PBXBuildFile; fileRef = B8DED718211BD47900234903 /* NSObject+Ex.m */; };
		B8DED763211BD47900234903 /* UIView+LSCore.m in Sources */ = {isa = PBXBuildFile; fileRef = B8DED719211BD47900234903 /* UIView+LSCore.m */; };
		B8DED764211BD47900234903 /* FileUtil.m in Sources */ = {isa = PBXBuildFile; fileRef = B8DED71D211BD47900234903 /* FileUtil.m */; };
		B8DED765211BD47900234903 /* NSString+Emoji.m in Sources */ = {isa = PBXBuildFile; fileRef = B8DED71F211BD47900234903 /* NSString+Emoji.m */; };
		B8DED766211BD47900234903 /* UIColor+Ex.m in Sources */ = {isa = PBXBuildFile; fileRef = B8DED721211BD47900234903 /* UIColor+Ex.m */; };
		B8DED767211BD47900234903 /* YFCodecObj.m in Sources */ = {isa = PBXBuildFile; fileRef = B8DED725211BD47900234903 /* YFCodecObj.m */; };
		B8DED768211BD47900234903 /* YFConst.m in Sources */ = {isa = PBXBuildFile; fileRef = B8DED726211BD47900234903 /* YFConst.m */; };
		B8DED769211BD47900234903 /* Reachability.m in Sources */ = {isa = PBXBuildFile; fileRef = B8DED72A211BD47900234903 /* Reachability.m */; };
		B8DED76A211BD47900234903 /* IProUtil.m in Sources */ = {isa = PBXBuildFile; fileRef = B8DED72E211BD47900234903 /* IProUtil.m */; };
		B8DED76B211BD47900234903 /* UIUtil.m in Sources */ = {isa = PBXBuildFile; fileRef = B8DED72F211BD47900234903 /* UIUtil.m */; };
		B8DED76C211BD47900234903 /* BCRechabilityVM.m in Sources */ = {isa = PBXBuildFile; fileRef = B8DED731211BD47900234903 /* BCRechabilityVM.m */; };
		B8DED76D211BD47900234903 /* BCBaseHttpClient.m in Sources */ = {isa = PBXBuildFile; fileRef = B8DED732211BD47900234903 /* BCBaseHttpClient.m */; };
		B8DED76E211BD47900234903 /* BCStyleSheetCell.m in Sources */ = {isa = PBXBuildFile; fileRef = B8DED735211BD47900234903 /* BCStyleSheetCell.m */; };
		B8DED76F211BD47900234903 /* BCAlertStylesheetVC.m in Sources */ = {isa = PBXBuildFile; fileRef = B8DED736211BD47900234903 /* BCAlertStylesheetVC.m */; };
		B8DED770211BD47900234903 /* BCCustTf.m in Sources */ = {isa = PBXBuildFile; fileRef = B8DED737211BD47900234903 /* BCCustTf.m */; };
		B8DED771211BD47900234903 /* BCStyleSheetMod.m in Sources */ = {isa = PBXBuildFile; fileRef = B8DED73D211BD47900234903 /* BCStyleSheetMod.m */; };
		B8DED772211BD47900234903 /* YFMsgBanner.m in Sources */ = {isa = PBXBuildFile; fileRef = B8DED73E211BD47900234903 /* YFMsgBanner.m */; };
		B8DED773211BD47900234903 /* YFClearableTF.m in Sources */ = {isa = PBXBuildFile; fileRef = B8DED744211BD47900234903 /* YFClearableTF.m */; };
		B8DED774211BD47900234903 /* M1GuidanceView.m in Sources */ = {isa = PBXBuildFile; fileRef = B8DED745211BD47900234903 /* M1GuidanceView.m */; };
		B8DED775211BD47900234903 /* YFFloatWindow.m in Sources */ = {isa = PBXBuildFile; fileRef = B8DED746211BD47900234903 /* YFFloatWindow.m */; };
		B8DED776211BD47900234903 /* BCUIAlertVC.m in Sources */ = {isa = PBXBuildFile; fileRef = B8DED748211BD47900234903 /* BCUIAlertVC.m */; };
		B8DED777211BD47900234903 /* BCProgressV.m in Sources */ = {isa = PBXBuildFile; fileRef = B8DED749211BD47900234903 /* BCProgressV.m */; };
		B8DED778211BD47900234903 /* FXBlurView.m in Sources */ = {isa = PBXBuildFile; fileRef = B8DED74A211BD47900234903 /* FXBlurView.m */; };
		B8DED779211BD47900234903 /* YFCustTabBarItem.m in Sources */ = {isa = PBXBuildFile; fileRef = B8DED74B211BD47900234903 /* YFCustTabBarItem.m */; };
		B8DED77A211BD47900234903 /* Info.plist in Resources */ = {isa = PBXBuildFile; fileRef = B8DED74D211BD47900234903 /* Info.plist */; };
/* End PBXBuildFile section */

/* Begin PBXContainerItemProxy section */
		B8DED57F211AED4200234903 /* PBXContainerItemProxy */ = {
			isa = PBXContainerItemProxy;
			containerPortal = B85407F32105E7C7001E931A /* Project object */;
			proxyType = 1;
			remoteGlobalIDString = B8DED579211AED4200234903;
			remoteInfo = IOS_OC_BaseKit;
		};
/* End PBXContainerItemProxy section */

/* Begin PBXCopyFilesBuildPhase section */
		B8DED586211AED4200234903 /* Embed Frameworks */ = {
			isa = PBXCopyFilesBuildPhase;
			buildActionMask = 2147483647;
			dstPath = "";
			dstSubfolderSpec = 10;
			files = (
				B8DED582211AED4200234903 /* IOS_OC_BaseKit.framework in Embed Frameworks */,
			);
			name = "Embed Frameworks";
			runOnlyForDeploymentPostprocessing = 0;
		};
/* End PBXCopyFilesBuildPhase section */

/* Begin PBXFileReference section */
		54E83663B648419A594ACE8B /* Pods-IOS_OC_BASIC.release.xcconfig */ = {isa = PBXFileReference; includeInIndex = 1; lastKnownFileType = text.xcconfig; name = "Pods-IOS_OC_BASIC.release.xcconfig"; path = "Pods/Target Support Files/Pods-IOS_OC_BASIC/Pods-IOS_OC_BASIC.release.xcconfig"; sourceTree = "<group>"; };
		9C41181EEE9A2DBBFC1EB5D9 /* Pods_IOS_OC_BASIC.framework */ = {isa = PBXFileReference; explicitFileType = wrapper.framework; includeInIndex = 0; path = Pods_IOS_OC_BASIC.framework; sourceTree = BUILT_PRODUCTS_DIR; };
		B816EAE8212C0CB100EB5C58 /* closed_con@3x.png */ = {isa = PBXFileReference; lastKnownFileType = image.png; path = "closed_con@3x.png"; sourceTree = "<group>"; };
		B816EAED212C0CB200EB5C58 /* closed_con@2x.png */ = {isa = PBXFileReference; lastKnownFileType = image.png; path = "closed_con@2x.png"; sourceTree = "<group>"; };
		B85407FB2105E7C7001E931A /* IOS_OC_BASIC.app */ = {isa = PBXFileReference; explicitFileType = wrapper.application; includeInIndex = 0; path = IOS_OC_BASIC.app; sourceTree = BUILT_PRODUCTS_DIR; };
		B8B7B7DB212F9C1500DF3D87 /* YFAVUtil.h */ = {isa = PBXFileReference; fileEncoding = 4; lastKnownFileType = sourcecode.c.h; path = YFAVUtil.h; sourceTree = "<group>"; };
		B8DED57A211AED4200234903 /* IOS_OC_BaseKit.framework */ = {isa = PBXFileReference; explicitFileType = wrapper.framework; includeInIndex = 0; path = IOS_OC_BaseKit.framework; sourceTree = BUILT_PRODUCTS_DIR; };
		B8DED632211B2C8900234903 /* AppDelegate.h */ = {isa = PBXFileReference; fileEncoding = 4; lastKnownFileType = sourcecode.c.h; path = AppDelegate.h; sourceTree = "<group>"; };
		B8DED634211B2C8900234903 /* Base */ = {isa = PBXFileReference; lastKnownFileType = file.storyboard; name = Base; path = Base.lproj/LaunchScreen.storyboard; sourceTree = "<group>"; };
		B8DED636211B2C8900234903 /* Base */ = {isa = PBXFileReference; lastKnownFileType = text.plist.strings; name = Base; path = Base.lproj/Localizable.strings; sourceTree = "<group>"; };
		B8DED638211B2C8900234903 /* Base */ = {isa = PBXFileReference; lastKnownFileType = text.plist.strings; name = Base; path = Base.lproj/InfoPlist.strings; sourceTree = "<group>"; };
		B8DED639211B2C8900234903 /* main.m */ = {isa = PBXFileReference; fileEncoding = 4; lastKnownFileType = sourcecode.c.objc; path = main.m; sourceTree = "<group>"; };
		B8DED63A211B2C8900234903 /* AppDelegate.m */ = {isa = PBXFileReference; fileEncoding = 4; lastKnownFileType = sourcecode.c.objc; path = AppDelegate.m; sourceTree = "<group>"; };
		B8DED63B211B2C8900234903 /* Podfile */ = {isa = PBXFileReference; fileEncoding = 4; lastKnownFileType = text; path = Podfile; sourceTree = "<group>"; };
		B8DED63C211B2C8900234903 /* Info.plist */ = {isa = PBXFileReference; fileEncoding = 4; lastKnownFileType = text.plist.xml; path = Info.plist; sourceTree = "<group>"; };
		B8DED63D211B2C8900234903 /* mystring.strings */ = {isa = PBXFileReference; fileEncoding = 4; lastKnownFileType = text.plist.strings; path = mystring.strings; sourceTree = "<group>"; };
		B8DED63F211B2C8900234903 /* H264VideoParser.m */ = {isa = PBXFileReference; fileEncoding = 4; lastKnownFileType = sourcecode.c.objc; path = H264VideoParser.m; sourceTree = "<group>"; };
		B8DED640211B2C8900234903 /* YFUtil.m */ = {isa = PBXFileReference; fileEncoding = 4; lastKnownFileType = sourcecode.c.objc; path = YFUtil.m; sourceTree = "<group>"; };
		B8DED641211B2C8900234903 /* conf.plist */ = {isa = PBXFileReference; fileEncoding = 4; lastKnownFileType = text.plist.xml; path = conf.plist; sourceTree = "<group>"; };
		B8DED64B211B2C8900234903 /* H264VideoParser.h */ = {isa = PBXFileReference; fileEncoding = 4; lastKnownFileType = sourcecode.c.h; path = H264VideoParser.h; sourceTree = "<group>"; };
		B8DED64C211B2C8900234903 /* YFUtil.h */ = {isa = PBXFileReference; fileEncoding = 4; lastKnownFileType = sourcecode.c.h; path = YFUtil.h; sourceTree = "<group>"; };
		B8DED64D211B2C8900234903 /* cons.plist */ = {isa = PBXFileReference; fileEncoding = 4; lastKnownFileType = text.plist.xml; path = cons.plist; sourceTree = "<group>"; };
		B8DED64E211B2C8900234903 /* PrefixHeader.pch */ = {isa = PBXFileReference; fileEncoding = 4; lastKnownFileType = sourcecode.c.h; path = PrefixHeader.pch; sourceTree = "<group>"; };
		B8DED651211B2C8900234903 /* IOS_OC_BASIC.podspec */ = {isa = PBXFileReference; fileEncoding = 4; lastKnownFileType = text; path = IOS_OC_BASIC.podspec; sourceTree = "<group>"; };
		B8DED652211B2C8900234903 /* Assets.xcassets */ = {isa = PBXFileReference; lastKnownFileType = folder.assetcatalog; path = Assets.xcassets; sourceTree = "<group>"; };
		B8DED654211B2C8900234903 /* BasicVC.h */ = {isa = PBXFileReference; fileEncoding = 4; lastKnownFileType = sourcecode.c.h; path = BasicVC.h; sourceTree = "<group>"; };
		B8DED655211B2C8900234903 /* BasicVC.m */ = {isa = PBXFileReference; fileEncoding = 4; lastKnownFileType = sourcecode.c.objc; path = BasicVC.m; sourceTree = "<group>"; };
		B8DED6ED211BD47900234903 /* IOS_OC_BaseKit.h */ = {isa = PBXFileReference; fileEncoding = 4; lastKnownFileType = sourcecode.c.h; path = IOS_OC_BaseKit.h; sourceTree = "<group>"; };
		B8DED6EF211BD47900234903 /* UIImage+AV.m */ = {isa = PBXFileReference; fileEncoding = 4; lastKnownFileType = sourcecode.c.objc; path = "UIImage+AV.m"; sourceTree = "<group>"; };
		B8DED6F0211BD47900234903 /* UIImage+Ex.m */ = {isa = PBXFileReference; fileEncoding = 4; lastKnownFileType = sourcecode.c.objc; path = "UIImage+Ex.m"; sourceTree = "<group>"; };
		B8DED6F1211BD47900234903 /* NSArray+Ex.m */ = {isa = PBXFileReference; fileEncoding = 4; lastKnownFileType = sourcecode.c.objc; path = "NSArray+Ex.m"; sourceTree = "<group>"; };
		B8DED6F2211BD47900234903 /* NetUtil.h */ = {isa = PBXFileReference; fileEncoding = 4; lastKnownFileType = sourcecode.c.h; path = NetUtil.h; sourceTree = "<group>"; };
		B8DED6F3211BD47900234903 /* NSTimer+BlocksSupport.h */ = {isa = PBXFileReference; fileEncoding = 4; lastKnownFileType = sourcecode.c.h; path = "NSTimer+BlocksSupport.h"; sourceTree = "<group>"; };
		B8DED6F4211BD47900234903 /* UIView+Ex.m */ = {isa = PBXFileReference; fileEncoding = 4; lastKnownFileType = sourcecode.c.objc; path = "UIView+Ex.m"; sourceTree = "<group>"; };
		B8DED6F5211BD47900234903 /* UIView+LSCore.h */ = {isa = PBXFileReference; fileEncoding = 4; lastKnownFileType = sourcecode.c.h; path = "UIView+LSCore.h"; sourceTree = "<group>"; };
		B8DED6F6211BD47900234903 /* NSObject+Ex.h */ = {isa = PBXFileReference; fileEncoding = 4; lastKnownFileType = sourcecode.c.h; path = "NSObject+Ex.h"; sourceTree = "<group>"; };
		B8DED6F7211BD47900234903 /* UIImageView+WEB.h */ = {isa = PBXFileReference; fileEncoding = 4; lastKnownFileType = sourcecode.c.h; path = "UIImageView+WEB.h"; sourceTree = "<group>"; };
		B8DED6F8211BD47900234903 /* YFCate.h */ = {isa = PBXFileReference; fileEncoding = 4; lastKnownFileType = sourcecode.c.h; path = YFCate.h; sourceTree = "<group>"; };
		B8DED6F9211BD47900234903 /* NSString+Ex.h */ = {isa = PBXFileReference; fileEncoding = 4; lastKnownFileType = sourcecode.c.h; path = "NSString+Ex.h"; sourceTree = "<group>"; };
		B8DED6FA211BD47900234903 /* UIButton+Ex.h */ = {isa = PBXFileReference; fileEncoding = 4; lastKnownFileType = sourcecode.c.h; path = "UIButton+Ex.h"; sourceTree = "<group>"; };
		B8DED6FD211BD47900234903 /* NSString+Hash.m */ = {isa = PBXFileReference; fileEncoding = 4; lastKnownFileType = sourcecode.c.objc; path = "NSString+Hash.m"; sourceTree = "<group>"; };
		B8DED6FE211BD47900234903 /* MyMD5.m */ = {isa = PBXFileReference; fileEncoding = 4; lastKnownFileType = sourcecode.c.objc; path = MyMD5.m; sourceTree = "<group>"; };
		B8DED6FF211BD47900234903 /* NSString+Hash.h */ = {isa = PBXFileReference; fileEncoding = 4; lastKnownFileType = sourcecode.c.h; path = "NSString+Hash.h"; sourceTree = "<group>"; };
		B8DED700211BD47900234903 /* MyMD5.h */ = {isa = PBXFileReference; fileEncoding = 4; lastKnownFileType = sourcecode.c.h; path = MyMD5.h; sourceTree = "<group>"; };
		B8DED701211BD47900234903 /* FileUtil.h */ = {isa = PBXFileReference; fileEncoding = 4; lastKnownFileType = sourcecode.c.h; path = FileUtil.h; sourceTree = "<group>"; };
		B8DED702211BD47900234903 /* NSDate+Ex.m */ = {isa = PBXFileReference; fileEncoding = 4; lastKnownFileType = sourcecode.c.objc; path = "NSDate+Ex.m"; sourceTree = "<group>"; };
		B8DED704211BD47900234903 /* license */ = {isa = PBXFileReference; fileEncoding = 4; lastKnownFileType = text; path = license; sourceTree = "<group>"; };
		B8DED707211BD47900234903 /* UIView+Toast.h */ = {isa = PBXFileReference; fileEncoding = 4; lastKnownFileType = sourcecode.c.h; path = "UIView+Toast.h"; sourceTree = "<group>"; };
		B8DED708211BD47900234903 /* UIView+Toast.m */ = {isa = PBXFileReference; fileEncoding = 4; lastKnownFileType = sourcecode.c.objc; path = "UIView+Toast.m"; sourceTree = "<group>"; };
		B8DED709211BD47900234903 /* README.markdown */ = {isa = PBXFileReference; fileEncoding = 4; lastKnownFileType = net.daringfireball.markdown; path = README.markdown; sourceTree = "<group>"; };
		B8DED70A211BD47900234903 /* IUtil.m */ = {isa = PBXFileReference; fileEncoding = 4; lastKnownFileType = sourcecode.c.objc; path = IUtil.m; sourceTree = "<group>"; };
		B8DED70B211BD47900234903 /* UIColor+Ex.h */ = {isa = PBXFileReference; fileEncoding = 4; lastKnownFileType = sourcecode.c.h; path = "UIColor+Ex.h"; sourceTree = "<group>"; };
		B8DED70C211BD47900234903 /* UIViewController+Ex.m */ = {isa = PBXFileReference; fileEncoding = 4; lastKnownFileType = sourcecode.c.objc; path = "UIViewController+Ex.m"; sourceTree = "<group>"; };
		B8DED70D211BD47900234903 /* UIBarButtonItem+Ex.m */ = {isa = PBXFileReference; fileEncoding = 4; lastKnownFileType = sourcecode.c.objc; path = "UIBarButtonItem+Ex.m"; sourceTree = "<group>"; };
		B8DED70E211BD47900234903 /* NSTimer+BlocksSupport.m */ = {isa = PBXFileReference; fileEncoding = 4; lastKnownFileType = sourcecode.c.objc; path = "NSTimer+BlocksSupport.m"; sourceTree = "<group>"; };
		B8DED70F211BD47900234903 /* NSArray+Ex.h */ = {isa = PBXFileReference; fileEncoding = 4; lastKnownFileType = sourcecode.c.h; path = "NSArray+Ex.h"; sourceTree = "<group>"; };
		B8DED710211BD47900234903 /* NetUtil.m */ = {isa = PBXFileReference; fileEncoding = 4; lastKnownFileType = sourcecode.c.objc; path = NetUtil.m; sourceTree = "<group>"; };
		B8DED711211BD47900234903 /* UIImage+Ex.h */ = {isa = PBXFileReference; fileEncoding = 4; lastKnownFileType = sourcecode.c.h; path = "UIImage+Ex.h"; sourceTree = "<group>"; };
		B8DED712211BD47900234903 /* UIImage+AV.h */ = {isa = PBXFileReference; fileEncoding = 4; lastKnownFileType = sourcecode.c.h; path = "UIImage+AV.h"; sourceTree = "<group>"; };
		B8DED713211BD47900234903 /* UIButton+Ex.m */ = {isa = PBXFileReference; fileEncoding = 4; lastKnownFileType = sourcecode.c.objc; path = "UIButton+Ex.m"; sourceTree = "<group>"; };
		B8DED714211BD47900234903 /* YFAVUtil.m */ = {isa = PBXFileReference; fileEncoding = 4; lastKnownFileType = sourcecode.c.objc; path = YFAVUtil.m; sourceTree = "<group>"; };
		B8DED715211BD47900234903 /* YFCate.m */ = {isa = PBXFileReference; fileEncoding = 4; lastKnownFileType = sourcecode.c.objc; path = YFCate.m; sourceTree = "<group>"; };
		B8DED716211BD47900234903 /* NSString+Ex.m */ = {isa = PBXFileReference; fileEncoding = 4; lastKnownFileType = sourcecode.c.objc; path = "NSString+Ex.m"; sourceTree = "<group>"; };
		B8DED717211BD47900234903 /* UIImageView+WEB.m */ = {isa = PBXFileReference; fileEncoding = 4; lastKnownFileType = sourcecode.c.objc; path = "UIImageView+WEB.m"; sourceTree = "<group>"; };
		B8DED718211BD47900234903 /* NSObject+Ex.m */ = {isa = PBXFileReference; fileEncoding = 4; lastKnownFileType = sourcecode.c.objc; path = "NSObject+Ex.m"; sourceTree = "<group>"; };
		B8DED719211BD47900234903 /* UIView+LSCore.m */ = {isa = PBXFileReference; fileEncoding = 4; lastKnownFileType = sourcecode.c.objc; path = "UIView+LSCore.m"; sourceTree = "<group>"; };
		B8DED71A211BD47900234903 /* UIView+Ex.h */ = {isa = PBXFileReference; fileEncoding = 4; lastKnownFileType = sourcecode.c.h; path = "UIView+Ex.h"; sourceTree = "<group>"; };
		B8DED71B211BD47900234903 /* IUtil.h */ = {isa = PBXFileReference; fileEncoding = 4; lastKnownFileType = sourcecode.c.h; path = IUtil.h; sourceTree = "<group>"; };
		B8DED71C211BD47900234903 /* NSDate+Ex.h */ = {isa = PBXFileReference; fileEncoding = 4; lastKnownFileType = sourcecode.c.h; path = "NSDate+Ex.h"; sourceTree = "<group>"; };
		B8DED71D211BD47900234903 /* FileUtil.m */ = {isa = PBXFileReference; fileEncoding = 4; lastKnownFileType = sourcecode.c.objc; path = FileUtil.m; sourceTree = "<group>"; };
		B8DED71F211BD47900234903 /* NSString+Emoji.m */ = {isa = PBXFileReference; fileEncoding = 4; lastKnownFileType = sourcecode.c.objc; path = "NSString+Emoji.m"; sourceTree = "<group>"; };
		B8DED720211BD47900234903 /* NSString+Emoji.h */ = {isa = PBXFileReference; fileEncoding = 4; lastKnownFileType = sourcecode.c.h; path = "NSString+Emoji.h"; sourceTree = "<group>"; };
		B8DED721211BD47900234903 /* UIColor+Ex.m */ = {isa = PBXFileReference; fileEncoding = 4; lastKnownFileType = sourcecode.c.objc; path = "UIColor+Ex.m"; sourceTree = "<group>"; };
		B8DED722211BD47900234903 /* UIViewController+Ex.h */ = {isa = PBXFileReference; fileEncoding = 4; lastKnownFileType = sourcecode.c.h; path = "UIViewController+Ex.h"; sourceTree = "<group>"; };
		B8DED723211BD47900234903 /* UIBarButtonItem+Ex.h */ = {isa = PBXFileReference; fileEncoding = 4; lastKnownFileType = sourcecode.c.h; path = "UIBarButtonItem+Ex.h"; sourceTree = "<group>"; };
		B8DED725211BD47900234903 /* YFCodecObj.m */ = {isa = PBXFileReference; fileEncoding = 4; lastKnownFileType = sourcecode.c.objc; path = YFCodecObj.m; sourceTree = "<group>"; };
		B8DED726211BD47900234903 /* YFConst.m */ = {isa = PBXFileReference; fileEncoding = 4; lastKnownFileType = sourcecode.c.objc; path = YFConst.m; sourceTree = "<group>"; };
		B8DED727211BD47900234903 /* YFCodecObj.h */ = {isa = PBXFileReference; fileEncoding = 4; lastKnownFileType = sourcecode.c.h; path = YFCodecObj.h; sourceTree = "<group>"; };
		B8DED728211BD47900234903 /* YFConst.h */ = {isa = PBXFileReference; fileEncoding = 4; lastKnownFileType = sourcecode.c.h; path = YFConst.h; sourceTree = "<group>"; };
		B8DED72A211BD47900234903 /* Reachability.m */ = {isa = PBXFileReference; fileEncoding = 4; lastKnownFileType = sourcecode.c.objc; path = Reachability.m; sourceTree = "<group>"; };
		B8DED72B211BD47900234903 /* UIUtil.h */ = {isa = PBXFileReference; fileEncoding = 4; lastKnownFileType = sourcecode.c.h; path = UIUtil.h; sourceTree = "<group>"; };
		B8DED72C211BD47900234903 /* BCBaseHttpClient.h */ = {isa = PBXFileReference; fileEncoding = 4; lastKnownFileType = sourcecode.c.h; path = BCBaseHttpClient.h; sourceTree = "<group>"; };
		B8DED72D211BD47900234903 /* BCRechabilityVM.h */ = {isa = PBXFileReference; fileEncoding = 4; lastKnownFileType = sourcecode.c.h; path = BCRechabilityVM.h; sourceTree = "<group>"; };
		B8DED72E211BD47900234903 /* IProUtil.m */ = {isa = PBXFileReference; fileEncoding = 4; lastKnownFileType = sourcecode.c.objc; path = IProUtil.m; sourceTree = "<group>"; };
		B8DED72F211BD47900234903 /* UIUtil.m */ = {isa = PBXFileReference; fileEncoding = 4; lastKnownFileType = sourcecode.c.objc; path = UIUtil.m; sourceTree = "<group>"; };
		B8DED730211BD47900234903 /* Reachability.h */ = {isa = PBXFileReference; fileEncoding = 4; lastKnownFileType = sourcecode.c.h; path = Reachability.h; sourceTree = "<group>"; };
		B8DED731211BD47900234903 /* BCRechabilityVM.m */ = {isa = PBXFileReference; fileEncoding = 4; lastKnownFileType = sourcecode.c.objc; path = BCRechabilityVM.m; sourceTree = "<group>"; };
		B8DED732211BD47900234903 /* BCBaseHttpClient.m */ = {isa = PBXFileReference; fileEncoding = 4; lastKnownFileType = sourcecode.c.objc; path = BCBaseHttpClient.m; sourceTree = "<group>"; };
		B8DED733211BD47900234903 /* IProUtil.h */ = {isa = PBXFileReference; fileEncoding = 4; lastKnownFileType = sourcecode.c.h; path = IProUtil.h; sourceTree = "<group>"; };
		B8DED735211BD47900234903 /* BCStyleSheetCell.m */ = {isa = PBXFileReference; fileEncoding = 4; lastKnownFileType = sourcecode.c.objc; path = BCStyleSheetCell.m; sourceTree = "<group>"; };
		B8DED736211BD47900234903 /* BCAlertStylesheetVC.m */ = {isa = PBXFileReference; fileEncoding = 4; lastKnownFileType = sourcecode.c.objc; path = BCAlertStylesheetVC.m; sourceTree = "<group>"; };
		B8DED737211BD47900234903 /* BCCustTf.m */ = {isa = PBXFileReference; fileEncoding = 4; lastKnownFileType = sourcecode.c.objc; path = BCCustTf.m; sourceTree = "<group>"; };
		B8DED738211BD47900234903 /* YFFloatWindow.h */ = {isa = PBXFileReference; fileEncoding = 4; lastKnownFileType = sourcecode.c.h; path = YFFloatWindow.h; sourceTree = "<group>"; };
		B8DED739211BD47900234903 /* M1GuidanceView.h */ = {isa = PBXFileReference; fileEncoding = 4; lastKnownFileType = sourcecode.c.h; path = M1GuidanceView.h; sourceTree = "<group>"; };
		B8DED73A211BD47900234903 /* YFClearableTF.h */ = {isa = PBXFileReference; fileEncoding = 4; lastKnownFileType = sourcecode.c.h; path = YFClearableTF.h; sourceTree = "<group>"; };
		B8DED73B211BD47900234903 /* BCProgressV.h */ = {isa = PBXFileReference; fileEncoding = 4; lastKnownFileType = sourcecode.c.h; path = BCProgressV.h; sourceTree = "<group>"; };
		B8DED73C211BD47900234903 /* BCUIAlertVC.h */ = {isa = PBXFileReference; fileEncoding = 4; lastKnownFileType = sourcecode.c.h; path = BCUIAlertVC.h; sourceTree = "<group>"; };
		B8DED73D211BD47900234903 /* BCStyleSheetMod.m */ = {isa = PBXFileReference; fileEncoding = 4; lastKnownFileType = sourcecode.c.objc; path = BCStyleSheetMod.m; sourceTree = "<group>"; };
		B8DED73E211BD47900234903 /* YFMsgBanner.m */ = {isa = PBXFileReference; fileEncoding = 4; lastKnownFileType = sourcecode.c.objc; path = YFMsgBanner.m; sourceTree = "<group>"; };
		B8DED73F211BD47900234903 /* YFCustTabBarItem.h */ = {isa = PBXFileReference; fileEncoding = 4; lastKnownFileType = sourcecode.c.h; path = YFCustTabBarItem.h; sourceTree = "<group>"; };
		B8DED740211BD47900234903 /* FXBlurView.h */ = {isa = PBXFileReference; fileEncoding = 4; lastKnownFileType = sourcecode.c.h; path = FXBlurView.h; sourceTree = "<group>"; };
		B8DED741211BD47900234903 /* BCCustTf.h */ = {isa = PBXFileReference; fileEncoding = 4; lastKnownFileType = sourcecode.c.h; path = BCCustTf.h; sourceTree = "<group>"; };
		B8DED742211BD47900234903 /* BCAlertStylesheetVC.h */ = {isa = PBXFileReference; fileEncoding = 4; lastKnownFileType = sourcecode.c.h; path = BCAlertStylesheetVC.h; sourceTree = "<group>"; };
		B8DED743211BD47900234903 /* BCStyleSheetCell.h */ = {isa = PBXFileReference; fileEncoding = 4; lastKnownFileType = sourcecode.c.h; path = BCStyleSheetCell.h; sourceTree = "<group>"; };
		B8DED744211BD47900234903 /* YFClearableTF.m */ = {isa = PBXFileReference; fileEncoding = 4; lastKnownFileType = sourcecode.c.objc; path = YFClearableTF.m; sourceTree = "<group>"; };
		B8DED745211BD47900234903 /* M1GuidanceView.m */ = {isa = PBXFileReference; fileEncoding = 4; lastKnownFileType = sourcecode.c.objc; path = M1GuidanceView.m; sourceTree = "<group>"; };
		B8DED746211BD47900234903 /* YFFloatWindow.m */ = {isa = PBXFileReference; fileEncoding = 4; lastKnownFileType = sourcecode.c.objc; path = YFFloatWindow.m; sourceTree = "<group>"; };
		B8DED747211BD47900234903 /* BCStyleSheetMod.h */ = {isa = PBXFileReference; fileEncoding = 4; lastKnownFileType = sourcecode.c.h; path = BCStyleSheetMod.h; sourceTree = "<group>"; };
		B8DED748211BD47900234903 /* BCUIAlertVC.m */ = {isa = PBXFileReference; fileEncoding = 4; lastKnownFileType = sourcecode.c.objc; path = BCUIAlertVC.m; sourceTree = "<group>"; };
		B8DED749211BD47900234903 /* BCProgressV.m */ = {isa = PBXFileReference; fileEncoding = 4; lastKnownFileType = sourcecode.c.objc; path = BCProgressV.m; sourceTree = "<group>"; };
		B8DED74A211BD47900234903 /* FXBlurView.m */ = {isa = PBXFileReference; fileEncoding = 4; lastKnownFileType = sourcecode.c.objc; path = FXBlurView.m; sourceTree = "<group>"; };
		B8DED74B211BD47900234903 /* YFCustTabBarItem.m */ = {isa = PBXFileReference; fileEncoding = 4; lastKnownFileType = sourcecode.c.objc; path = YFCustTabBarItem.m; sourceTree = "<group>"; };
		B8DED74C211BD47900234903 /* YFMsgBanner.h */ = {isa = PBXFileReference; fileEncoding = 4; lastKnownFileType = sourcecode.c.h; path = YFMsgBanner.h; sourceTree = "<group>"; };
		B8DED74D211BD47900234903 /* Info.plist */ = {isa = PBXFileReference; fileEncoding = 4; lastKnownFileType = text.plist.xml; path = Info.plist; sourceTree = "<group>"; };
		F026D4910ABA235B0931053E /* Pods-IOS_OC_BASIC.debug.xcconfig */ = {isa = PBXFileReference; includeInIndex = 1; lastKnownFileType = text.xcconfig; name = "Pods-IOS_OC_BASIC.debug.xcconfig"; path = "Pods/Target Support Files/Pods-IOS_OC_BASIC/Pods-IOS_OC_BASIC.debug.xcconfig"; sourceTree = "<group>"; };
/* End PBXFileReference section */

/* Begin PBXFrameworksBuildPhase section */
		B85407F82105E7C7001E931A /* Frameworks */ = {
			isa = PBXFrameworksBuildPhase;
			buildActionMask = 2147483647;
			files = (
				B8DED581211AED4200234903 /* IOS_OC_BaseKit.framework in Frameworks */,
				A6E43EF0B0FCD6C7B6207DD8 /* Pods_IOS_OC_BASIC.framework in Frameworks */,
				0F55E00E3F81EA42E7976566 /* Pods_IOS_OC_BASIC.framework in Frameworks */,
			);
			runOnlyForDeploymentPostprocessing = 0;
		};
		B8DED576211AED4200234903 /* Frameworks */ = {
			isa = PBXFrameworksBuildPhase;
			buildActionMask = 2147483647;
			files = (
			);
			runOnlyForDeploymentPostprocessing = 0;
		};
/* End PBXFrameworksBuildPhase section */

/* Begin PBXGroup section */
		3CF78A4EAC0E9BF6789655C1 /* Pods */ = {
			isa = PBXGroup;
			children = (
				F026D4910ABA235B0931053E /* Pods-IOS_OC_BASIC.debug.xcconfig */,
				54E83663B648419A594ACE8B /* Pods-IOS_OC_BASIC.release.xcconfig */,
			);
			name = Pods;
			sourceTree = "<group>";
		};
		A0B16C8A34CE59A9C5E613DD /* Frameworks */ = {
			isa = PBXGroup;
			children = (
				9C41181EEE9A2DBBFC1EB5D9 /* Pods_IOS_OC_BASIC.framework */,
			);
			name = Frameworks;
			sourceTree = "<group>";
		};
		B816EAE7212C0C7100EB5C58 /* Resources */ = {
			isa = PBXGroup;
			children = (
				B816EAED212C0CB200EB5C58 /* closed_con@2x.png */,
				B816EAE8212C0CB100EB5C58 /* closed_con@3x.png */,
			);
			path = Resources;
			sourceTree = "<group>";
		};
		B85407F22105E7C7001E931A = {
			isa = PBXGroup;
			children = (
				B8DED631211B2C8900234903 /* info */,
				B8DED63E211B2C8900234903 /* Utils */,
				B8DED6EC211BD47900234903 /* IOS_OC_BaseKit */,
				B816EAE7212C0C7100EB5C58 /* Resources */,
				B8DED64F211B2C8900234903 /* IOS_OC_BASIC */,
				B85407FC2105E7C7001E931A /* Products */,
				3CF78A4EAC0E9BF6789655C1 /* Pods */,
				A0B16C8A34CE59A9C5E613DD /* Frameworks */,
			);
			sourceTree = "<group>";
		};
		B85407FC2105E7C7001E931A /* Products */ = {
			isa = PBXGroup;
			children = (
				B85407FB2105E7C7001E931A /* IOS_OC_BASIC.app */,
				B8DED57A211AED4200234903 /* IOS_OC_BaseKit.framework */,
			);
			name = Products;
			sourceTree = "<group>";
		};
		B8DED631211B2C8900234903 /* info */ = {
			isa = PBXGroup;
			children = (
				B8DED632211B2C8900234903 /* AppDelegate.h */,
				B8DED633211B2C8900234903 /* LaunchScreen.storyboard */,
				B8DED635211B2C8900234903 /* Localizable.strings */,
				B8DED637211B2C8900234903 /* InfoPlist.strings */,
				B8DED639211B2C8900234903 /* main.m */,
				B8DED63A211B2C8900234903 /* AppDelegate.m */,
				B8DED63B211B2C8900234903 /* Podfile */,
				B8DED63C211B2C8900234903 /* Info.plist */,
				B8DED63D211B2C8900234903 /* mystring.strings */,
			);
			path = info;
			sourceTree = "<group>";
		};
		B8DED63E211B2C8900234903 /* Utils */ = {
			isa = PBXGroup;
			children = (
				B8DED712211BD47900234903 /* UIImage+AV.h */,
				B8DED6EF211BD47900234903 /* UIImage+AV.m */,
				B8DED64B211B2C8900234903 /* H264VideoParser.h */,
				B8DED63F211B2C8900234903 /* H264VideoParser.m */,
				B8DED640211B2C8900234903 /* YFUtil.m */,
				B8DED641211B2C8900234903 /* conf.plist */,
				B8DED64C211B2C8900234903 /* YFUtil.h */,
				B8DED64D211B2C8900234903 /* cons.plist */,
				B8DED64E211B2C8900234903 /* PrefixHeader.pch */,
			);
			path = Utils;
			sourceTree = "<group>";
		};
		B8DED64F211B2C8900234903 /* IOS_OC_BASIC */ = {
			isa = PBXGroup;
			children = (
				B8DED650211B2C8900234903 /* 1.1 */,
				B8DED652211B2C8900234903 /* Assets.xcassets */,
				B8DED653211B2C8900234903 /* src */,
			);
			path = IOS_OC_BASIC;
			sourceTree = "<group>";
		};
		B8DED650211B2C8900234903 /* 1.1 */ = {
			isa = PBXGroup;
			children = (
				B8DED651211B2C8900234903 /* IOS_OC_BASIC.podspec */,
			);
			path = 1.1;
			sourceTree = "<group>";
		};
		B8DED653211B2C8900234903 /* src */ = {
			isa = PBXGroup;
			children = (
				B8DED654211B2C8900234903 /* BasicVC.h */,
				B8DED655211B2C8900234903 /* BasicVC.m */,
			);
			path = src;
			sourceTree = "<group>";
		};
		B8DED6EC211BD47900234903 /* IOS_OC_BaseKit */ = {
			isa = PBXGroup;
			children = (
				B8DED6ED211BD47900234903 /* IOS_OC_BaseKit.h */,
				B8DED6EE211BD47900234903 /* cates */,
				B8DED724211BD47900234903 /* others */,
				B8DED729211BD47900234903 /* utils */,
				B8DED734211BD47900234903 /* UIS */,
				B8DED74D211BD47900234903 /* Info.plist */,
			);
			path = IOS_OC_BaseKit;
			sourceTree = "<group>";
		};
		B8DED6EE211BD47900234903 /* cates */ = {
			isa = PBXGroup;
			children = (
				B8DED6F0211BD47900234903 /* UIImage+Ex.m */,
				B8DED6F1211BD47900234903 /* NSArray+Ex.m */,
				B8DED6F2211BD47900234903 /* NetUtil.h */,
				B8DED6F3211BD47900234903 /* NSTimer+BlocksSupport.h */,
				B8DED6F4211BD47900234903 /* UIView+Ex.m */,
				B8DED6F5211BD47900234903 /* UIView+LSCore.h */,
				B8DED6F6211BD47900234903 /* NSObject+Ex.h */,
				B8DED6F7211BD47900234903 /* UIImageView+WEB.h */,
				B8DED6F8211BD47900234903 /* YFCate.h */,
				B8DED6F9211BD47900234903 /* NSString+Ex.h */,
				B8DED6FA211BD47900234903 /* UIButton+Ex.h */,
				B8DED6FC211BD47900234903 /* Security */,
				B8DED701211BD47900234903 /* FileUtil.h */,
				B8DED702211BD47900234903 /* NSDate+Ex.m */,
				B8DED703211BD47900234903 /* Toast */,
				B8DED70A211BD47900234903 /* IUtil.m */,
				B8DED70B211BD47900234903 /* UIColor+Ex.h */,
				B8DED70C211BD47900234903 /* UIViewController+Ex.m */,
				B8DED70D211BD47900234903 /* UIBarButtonItem+Ex.m */,
				B8DED70E211BD47900234903 /* NSTimer+BlocksSupport.m */,
				B8DED70F211BD47900234903 /* NSArray+Ex.h */,
				B8DED710211BD47900234903 /* NetUtil.m */,
				B8DED711211BD47900234903 /* UIImage+Ex.h */,
				B8DED713211BD47900234903 /* UIButton+Ex.m */,
				B8DED714211BD47900234903 /* YFAVUtil.m */,
				B8B7B7DB212F9C1500DF3D87 /* YFAVUtil.h */,
				B8DED715211BD47900234903 /* YFCate.m */,
				B8DED716211BD47900234903 /* NSString+Ex.m */,
				B8DED717211BD47900234903 /* UIImageView+WEB.m */,
				B8DED718211BD47900234903 /* NSObject+Ex.m */,
				B8DED719211BD47900234903 /* UIView+LSCore.m */,
				B8DED71A211BD47900234903 /* UIView+Ex.h */,
				B8DED71B211BD47900234903 /* IUtil.h */,
				B8DED71C211BD47900234903 /* NSDate+Ex.h */,
				B8DED71D211BD47900234903 /* FileUtil.m */,
				B8DED71E211BD47900234903 /* NSStringEmoji */,
				B8DED721211BD47900234903 /* UIColor+Ex.m */,
				B8DED722211BD47900234903 /* UIViewController+Ex.h */,
				B8DED723211BD47900234903 /* UIBarButtonItem+Ex.h */,
			);
			path = cates;
			sourceTree = "<group>";
		};
		B8DED6FC211BD47900234903 /* Security */ = {
			isa = PBXGroup;
			children = (
				B8DED6FD211BD47900234903 /* NSString+Hash.m */,
				B8DED6FE211BD47900234903 /* MyMD5.m */,
				B8DED6FF211BD47900234903 /* NSString+Hash.h */,
				B8DED700211BD47900234903 /* MyMD5.h */,
			);
			path = Security;
			sourceTree = "<group>";
		};
		B8DED703211BD47900234903 /* Toast */ = {
			isa = PBXGroup;
			children = (
				B8DED704211BD47900234903 /* license */,
				B8DED705211BD47900234903 /* Toast */,
				B8DED709211BD47900234903 /* README.markdown */,
			);
			path = Toast;
			sourceTree = "<group>";
		};
		B8DED705211BD47900234903 /* Toast */ = {
			isa = PBXGroup;
			children = (
				B8DED706211BD47900234903 /* Toast */,
			);
			path = Toast;
			sourceTree = "<group>";
		};
		B8DED706211BD47900234903 /* Toast */ = {
			isa = PBXGroup;
			children = (
				B8DED707211BD47900234903 /* UIView+Toast.h */,
				B8DED708211BD47900234903 /* UIView+Toast.m */,
			);
			path = Toast;
			sourceTree = "<group>";
		};
		B8DED71E211BD47900234903 /* NSStringEmoji */ = {
			isa = PBXGroup;
			children = (
				B8DED71F211BD47900234903 /* NSString+Emoji.m */,
				B8DED720211BD47900234903 /* NSString+Emoji.h */,
			);
			path = NSStringEmoji;
			sourceTree = "<group>";
		};
		B8DED724211BD47900234903 /* others */ = {
			isa = PBXGroup;
			children = (
				B8DED725211BD47900234903 /* YFCodecObj.m */,
				B8DED726211BD47900234903 /* YFConst.m */,
				B8DED727211BD47900234903 /* YFCodecObj.h */,
				B8DED728211BD47900234903 /* YFConst.h */,
			);
			path = others;
			sourceTree = "<group>";
		};
		B8DED729211BD47900234903 /* utils */ = {
			isa = PBXGroup;
			children = (
				B8DED72A211BD47900234903 /* Reachability.m */,
				B8DED72B211BD47900234903 /* UIUtil.h */,
				B8DED72C211BD47900234903 /* BCBaseHttpClient.h */,
				B8DED72D211BD47900234903 /* BCRechabilityVM.h */,
				B8DED72E211BD47900234903 /* IProUtil.m */,
				B8DED72F211BD47900234903 /* UIUtil.m */,
				B8DED730211BD47900234903 /* Reachability.h */,
				B8DED731211BD47900234903 /* BCRechabilityVM.m */,
				B8DED732211BD47900234903 /* BCBaseHttpClient.m */,
				B8DED733211BD47900234903 /* IProUtil.h */,
			);
			path = utils;
			sourceTree = "<group>";
		};
		B8DED734211BD47900234903 /* UIS */ = {
			isa = PBXGroup;
			children = (
				B8DED735211BD47900234903 /* BCStyleSheetCell.m */,
				B8DED736211BD47900234903 /* BCAlertStylesheetVC.m */,
				B8DED737211BD47900234903 /* BCCustTf.m */,
				B8DED738211BD47900234903 /* YFFloatWindow.h */,
				B8DED739211BD47900234903 /* M1GuidanceView.h */,
				B8DED73A211BD47900234903 /* YFClearableTF.h */,
				B8DED73B211BD47900234903 /* BCProgressV.h */,
				B8DED73C211BD47900234903 /* BCUIAlertVC.h */,
				B8DED73D211BD47900234903 /* BCStyleSheetMod.m */,
				B8DED73E211BD47900234903 /* YFMsgBanner.m */,
				B8DED73F211BD47900234903 /* YFCustTabBarItem.h */,
				B8DED740211BD47900234903 /* FXBlurView.h */,
				B8DED741211BD47900234903 /* BCCustTf.h */,
				B8DED742211BD47900234903 /* BCAlertStylesheetVC.h */,
				B8DED743211BD47900234903 /* BCStyleSheetCell.h */,
				B8DED744211BD47900234903 /* YFClearableTF.m */,
				B8DED745211BD47900234903 /* M1GuidanceView.m */,
				B8DED746211BD47900234903 /* YFFloatWindow.m */,
				B8DED747211BD47900234903 /* BCStyleSheetMod.h */,
				B8DED748211BD47900234903 /* BCUIAlertVC.m */,
				B8DED749211BD47900234903 /* BCProgressV.m */,
				B8DED74A211BD47900234903 /* FXBlurView.m */,
				B8DED74B211BD47900234903 /* YFCustTabBarItem.m */,
				B8DED74C211BD47900234903 /* YFMsgBanner.h */,
			);
			path = UIS;
			sourceTree = "<group>";
		};
/* End PBXGroup section */

/* Begin PBXHeadersBuildPhase section */
		B8DED577211AED4200234903 /* Headers */ = {
			isa = PBXHeadersBuildPhase;
			buildActionMask = 2147483647;
			files = (
				B8B7B7DC212F9C1500DF3D87 /* YFAVUtil.h in Headers */,
			);
			runOnlyForDeploymentPostprocessing = 0;
		};
/* End PBXHeadersBuildPhase section */

/* Begin PBXNativeTarget section */
		B85407FA2105E7C7001E931A /* IOS_OC_BASIC */ = {
			isa = PBXNativeTarget;
			buildConfigurationList = B85408112105E7C8001E931A /* Build configuration list for PBXNativeTarget "IOS_OC_BASIC" */;
			buildPhases = (
				6BBAA66681208803F4F0002B /* [CP] Check Pods Manifest.lock */,
				B85407F72105E7C7001E931A /* Sources */,
				B85407F82105E7C7001E931A /* Frameworks */,
				B85407F92105E7C7001E931A /* Resources */,
				727621235A5434F84A0D0A82 /* [CP] Embed Pods Frameworks */,
				B8DED586211AED4200234903 /* Embed Frameworks */,
			);
			buildRules = (
			);
			dependencies = (
				B8DED580211AED4200234903 /* PBXTargetDependency */,
			);
			name = IOS_OC_BASIC;
			productName = IOS_OC_BASIC;
			productReference = B85407FB2105E7C7001E931A /* IOS_OC_BASIC.app */;
			productType = "com.apple.product-type.application";
		};
		B8DED579211AED4200234903 /* IOS_OC_BaseKit */ = {
			isa = PBXNativeTarget;
			buildConfigurationList = B8DED585211AED4200234903 /* Build configuration list for PBXNativeTarget "IOS_OC_BaseKit" */;
			buildPhases = (
				B8DED575211AED4200234903 /* Sources */,
				B8DED576211AED4200234903 /* Frameworks */,
				B8DED577211AED4200234903 /* Headers */,
				B8DED578211AED4200234903 /* Resources */,
			);
			buildRules = (
			);
			dependencies = (
			);
			name = IOS_OC_BaseKit;
			productName = IOS_OC_BaseKit;
			productReference = B8DED57A211AED4200234903 /* IOS_OC_BaseKit.framework */;
			productType = "com.apple.product-type.framework";
		};
/* End PBXNativeTarget section */

/* Begin PBXProject section */
		B85407F32105E7C7001E931A /* Project object */ = {
			isa = PBXProject;
			attributes = {
				LastUpgradeCheck = 0940;
				ORGANIZATIONNAME = yf;
				TargetAttributes = {
					B85407FA2105E7C7001E931A = {
						CreatedOnToolsVersion = 9.4.1;
					};
					B8DED579211AED4200234903 = {
						CreatedOnToolsVersion = 9.4.1;
					};
				};
			};
			buildConfigurationList = B85407F62105E7C7001E931A /* Build configuration list for PBXProject "IOS_OC_BASIC" */;
			compatibilityVersion = "Xcode 9.3";
			developmentRegion = en;
			hasScannedForEncodings = 0;
			knownRegions = (
				en,
				Base,
			);
			mainGroup = B85407F22105E7C7001E931A;
			productRefGroup = B85407FC2105E7C7001E931A /* Products */;
			projectDirPath = "";
			projectRoot = "";
			targets = (
				B85407FA2105E7C7001E931A /* IOS_OC_BASIC */,
				B8DED579211AED4200234903 /* IOS_OC_BaseKit */,
			);
		};
/* End PBXProject section */

/* Begin PBXResourcesBuildPhase section */
		B85407F92105E7C7001E931A /* Resources */ = {
			isa = PBXResourcesBuildPhase;
			buildActionMask = 2147483647;
			files = (
				B8DED689211B2C8A00234903 /* Info.plist in Resources */,
				B8DED684211B2C8A00234903 /* Localizable.strings in Resources */,
				B8DED757211BD47900234903 /* README.markdown in Resources */,
				B8DED685211B2C8A00234903 /* InfoPlist.strings in Resources */,
				B8DED693211B2C8A00234903 /* cons.plist in Resources */,
				B8DED68D211B2C8A00234903 /* conf.plist in Resources */,
				B816EAF9212C13B600EB5C58 /* closed_con@3x.png in Resources */,
				B8DED68A211B2C8A00234903 /* mystring.strings in Resources */,
				B8DED694211B2C8A00234903 /* IOS_OC_BASIC.podspec in Resources */,
				B8DED683211B2C8A00234903 /* LaunchScreen.storyboard in Resources */,
				B8DED688211B2C8A00234903 /* Podfile in Resources */,
				B8DED755211BD47900234903 /* license in Resources */,
				B816EAF8212C13B600EB5C58 /* closed_con@2x.png in Resources */,
				B8DED695211B2C8A00234903 /* Assets.xcassets in Resources */,
				B8DED77A211BD47900234903 /* Info.plist in Resources */,
			);
			runOnlyForDeploymentPostprocessing = 0;
		};
		B8DED578211AED4200234903 /* Resources */ = {
			isa = PBXResourcesBuildPhase;
			buildActionMask = 2147483647;
			files = (
			);
			runOnlyForDeploymentPostprocessing = 0;
		};
/* End PBXResourcesBuildPhase section */

/* Begin PBXShellScriptBuildPhase section */
		6BBAA66681208803F4F0002B /* [CP] Check Pods Manifest.lock */ = {
			isa = PBXShellScriptBuildPhase;
			buildActionMask = 2147483647;
			files = (
			);
			inputPaths = (
				"${PODS_PODFILE_DIR_PATH}/Podfile.lock",
				"${PODS_ROOT}/Manifest.lock",
			);
			name = "[CP] Check Pods Manifest.lock";
			outputPaths = (
				"$(DERIVED_FILE_DIR)/Pods-IOS_OC_BASIC-checkManifestLockResult.txt",
			);
			runOnlyForDeploymentPostprocessing = 0;
			shellPath = /bin/sh;
			shellScript = "diff \"${PODS_PODFILE_DIR_PATH}/Podfile.lock\" \"${PODS_ROOT}/Manifest.lock\" > /dev/null\nif [ $? != 0 ] ; then\n    # print error to STDERR\n    echo \"error: The sandbox is not in sync with the Podfile.lock. Run 'pod install' or update your CocoaPods installation.\" >&2\n    exit 1\nfi\n# This output is used by Xcode 'outputs' to avoid re-running this script phase.\necho \"SUCCESS\" > \"${SCRIPT_OUTPUT_FILE_0}\"\n";
			showEnvVarsInLog = 0;
		};
		727621235A5434F84A0D0A82 /* [CP] Embed Pods Frameworks */ = {
			isa = PBXShellScriptBuildPhase;
			buildActionMask = 2147483647;
			files = (
			);
			inputPaths = (
				"${SRCROOT}/Pods/Target Support Files/Pods-IOS_OC_BASIC/Pods-IOS_OC_BASIC-frameworks.sh",
				"${BUILT_PRODUCTS_DIR}/AFNetworking/AFNetworking.framework",
				"${BUILT_PRODUCTS_DIR}/MJRefresh/MJRefresh.framework",
				"${BUILT_PRODUCTS_DIR}/Masonry/Masonry.framework",
				"${BUILT_PRODUCTS_DIR}/RealReachability/RealReachability.framework",
				"${BUILT_PRODUCTS_DIR}/SVProgressHUD/SVProgressHUD.framework",
			);
			name = "[CP] Embed Pods Frameworks";
			outputPaths = (
				"${TARGET_BUILD_DIR}/${FRAMEWORKS_FOLDER_PATH}/AFNetworking.framework",
				"${TARGET_BUILD_DIR}/${FRAMEWORKS_FOLDER_PATH}/MJRefresh.framework",
				"${TARGET_BUILD_DIR}/${FRAMEWORKS_FOLDER_PATH}/Masonry.framework",
				"${TARGET_BUILD_DIR}/${FRAMEWORKS_FOLDER_PATH}/RealReachability.framework",
				"${TARGET_BUILD_DIR}/${FRAMEWORKS_FOLDER_PATH}/SVProgressHUD.framework",
			);
			runOnlyForDeploymentPostprocessing = 0;
			shellPath = /bin/sh;
			shellScript = "\"${SRCROOT}/Pods/Target Support Files/Pods-IOS_OC_BASIC/Pods-IOS_OC_BASIC-frameworks.sh\"\n";
			showEnvVarsInLog = 0;
		};
/* End PBXShellScriptBuildPhase section */

/* Begin PBXSourcesBuildPhase section */
		B85407F72105E7C7001E931A /* Sources */ = {
			isa = PBXSourcesBuildPhase;
			buildActionMask = 2147483647;
			files = (
				B8DED766211BD47900234903 /* UIColor+Ex.m in Sources */,
				B8DED75E211BD47900234903 /* YFAVUtil.m in Sources */,
				B8DED687211B2C8A00234903 /* AppDelegate.m in Sources */,
				B8DED754211BD47900234903 /* NSDate+Ex.m in Sources */,
				B8DED764211BD47900234903 /* FileUtil.m in Sources */,
				B8DED779211BD47900234903 /* YFCustTabBarItem.m in Sources */,
				B8DED753211BD47900234903 /* MyMD5.m in Sources */,
				B8DED76D211BD47900234903 /* BCBaseHttpClient.m in Sources */,
				B8DED758211BD47900234903 /* IUtil.m in Sources */,
				B8DED696211B2C8A00234903 /* BasicVC.m in Sources */,
				B8DED75A211BD47900234903 /* UIBarButtonItem+Ex.m in Sources */,
				B8DED68C211B2C8A00234903 /* YFUtil.m in Sources */,
				B8DED765211BD47900234903 /* NSString+Emoji.m in Sources */,
				B8DED774211BD47900234903 /* M1GuidanceView.m in Sources */,
				B8DED769211BD47900234903 /* Reachability.m in Sources */,
				B8DED763211BD47900234903 /* UIView+LSCore.m in Sources */,
				B8DED75C211BD47900234903 /* NetUtil.m in Sources */,
				B8DED76B211BD47900234903 /* UIUtil.m in Sources */,
				B8DED771211BD47900234903 /* BCStyleSheetMod.m in Sources */,
				B8DED76E211BD47900234903 /* BCStyleSheetCell.m in Sources */,
				B8DED752211BD47900234903 /* NSString+Hash.m in Sources */,
				B8DED68B211B2C8A00234903 /* H264VideoParser.m in Sources */,
				B8DED772211BD47900234903 /* YFMsgBanner.m in Sources */,
				B8DED770211BD47900234903 /* BCCustTf.m in Sources */,
				B8DED74F211BD47900234903 /* UIImage+Ex.m in Sources */,
				B8DED756211BD47900234903 /* UIView+Toast.m in Sources */,
				B8DED76F211BD47900234903 /* BCAlertStylesheetVC.m in Sources */,
				B8DED74E211BD47900234903 /* UIImage+AV.m in Sources */,
				B8DED686211B2C8A00234903 /* main.m in Sources */,
				B8DED777211BD47900234903 /* BCProgressV.m in Sources */,
				B8DED751211BD47900234903 /* UIView+Ex.m in Sources */,
				B8DED762211BD47900234903 /* NSObject+Ex.m in Sources */,
				B8DED778211BD47900234903 /* FXBlurView.m in Sources */,
				B8DED750211BD47900234903 /* NSArray+Ex.m in Sources */,
				B8DED75F211BD47900234903 /* YFCate.m in Sources */,
				B8DED759211BD47900234903 /* UIViewController+Ex.m in Sources */,
				B8DED76C211BD47900234903 /* BCRechabilityVM.m in Sources */,
				B8DED75D211BD47900234903 /* UIButton+Ex.m in Sources */,
				B8DED761211BD47900234903 /* UIImageView+WEB.m in Sources */,
				B8DED768211BD47900234903 /* YFConst.m in Sources */,
				B8DED760211BD47900234903 /* NSString+Ex.m in Sources */,
				B8DED76A211BD47900234903 /* IProUtil.m in Sources */,
				B8DED773211BD47900234903 /* YFClearableTF.m in Sources */,
				B8DED776211BD47900234903 /* BCUIAlertVC.m in Sources */,
				B8DED767211BD47900234903 /* YFCodecObj.m in Sources */,
				B8DED775211BD47900234903 /* YFFloatWindow.m in Sources */,
				B8DED75B211BD47900234903 /* NSTimer+BlocksSupport.m in Sources */,
			);
			runOnlyForDeploymentPostprocessing = 0;
		};
		B8DED575211AED4200234903 /* Sources */ = {
			isa = PBXSourcesBuildPhase;
			buildActionMask = 2147483647;
			files = (
			);
			runOnlyForDeploymentPostprocessing = 0;
		};
/* End PBXSourcesBuildPhase section */

/* Begin PBXTargetDependency section */
		B8DED580211AED4200234903 /* PBXTargetDependency */ = {
			isa = PBXTargetDependency;
			target = B8DED579211AED4200234903 /* IOS_OC_BaseKit */;
			targetProxy = B8DED57F211AED4200234903 /* PBXContainerItemProxy */;
		};
/* End PBXTargetDependency section */

/* Begin PBXVariantGroup section */
		B8DED633211B2C8900234903 /* LaunchScreen.storyboard */ = {
			isa = PBXVariantGroup;
			children = (
				B8DED634211B2C8900234903 /* Base */,
			);
			name = LaunchScreen.storyboard;
			sourceTree = "<group>";
		};
		B8DED635211B2C8900234903 /* Localizable.strings */ = {
			isa = PBXVariantGroup;
			children = (
				B8DED636211B2C8900234903 /* Base */,
			);
			name = Localizable.strings;
			sourceTree = "<group>";
		};
		B8DED637211B2C8900234903 /* InfoPlist.strings */ = {
			isa = PBXVariantGroup;
			children = (
				B8DED638211B2C8900234903 /* Base */,
			);
			name = InfoPlist.strings;
			sourceTree = "<group>";
		};
/* End PBXVariantGroup section */

/* Begin XCBuildConfiguration section */
		B854080F2105E7C8001E931A /* Debug */ = {
			isa = XCBuildConfiguration;
			buildSettings = {
				ALWAYS_SEARCH_USER_PATHS = NO;
				CLANG_ANALYZER_NONNULL = YES;
				CLANG_ANALYZER_NUMBER_OBJECT_CONVERSION = YES_AGGRESSIVE;
				CLANG_CXX_LANGUAGE_STANDARD = "gnu++14";
				CLANG_CXX_LIBRARY = "libc++";
				CLANG_ENABLE_MODULES = YES;
				CLANG_ENABLE_OBJC_ARC = YES;
				CLANG_ENABLE_OBJC_WEAK = YES;
				CLANG_WARN_BLOCK_CAPTURE_AUTORELEASING = YES;
				CLANG_WARN_BOOL_CONVERSION = YES;
				CLANG_WARN_COMMA = YES;
				CLANG_WARN_CONSTANT_CONVERSION = YES;
				CLANG_WARN_DEPRECATED_OBJC_IMPLEMENTATIONS = YES;
				CLANG_WARN_DIRECT_OBJC_ISA_USAGE = YES_ERROR;
				CLANG_WARN_DOCUMENTATION_COMMENTS = YES;
				CLANG_WARN_EMPTY_BODY = YES;
				CLANG_WARN_ENUM_CONVERSION = YES;
				CLANG_WARN_INFINITE_RECURSION = YES;
				CLANG_WARN_INT_CONVERSION = YES;
				CLANG_WARN_NON_LITERAL_NULL_CONVERSION = YES;
				CLANG_WARN_OBJC_IMPLICIT_RETAIN_SELF = YES;
				CLANG_WARN_OBJC_LITERAL_CONVERSION = YES;
				CLANG_WARN_OBJC_ROOT_CLASS = YES_ERROR;
				CLANG_WARN_RANGE_LOOP_ANALYSIS = YES;
				CLANG_WARN_STRICT_PROTOTYPES = YES;
				CLANG_WARN_SUSPICIOUS_MOVE = YES;
				CLANG_WARN_UNGUARDED_AVAILABILITY = YES_AGGRESSIVE;
				CLANG_WARN_UNREACHABLE_CODE = YES;
				CLANG_WARN__DUPLICATE_METHOD_MATCH = YES;
				CODE_SIGN_IDENTITY = "iPhone Developer";
				COPY_PHASE_STRIP = NO;
				DEBUG_INFORMATION_FORMAT = dwarf;
				ENABLE_STRICT_OBJC_MSGSEND = YES;
				ENABLE_TESTABILITY = YES;
				GCC_C_LANGUAGE_STANDARD = gnu11;
				GCC_DYNAMIC_NO_PIC = NO;
				GCC_NO_COMMON_BLOCKS = YES;
				GCC_OPTIMIZATION_LEVEL = 0;
				GCC_PREPROCESSOR_DEFINITIONS = (
					"DEBUG=1",
					"$(inherited)",
				);
				GCC_WARN_64_TO_32_BIT_CONVERSION = YES;
				GCC_WARN_ABOUT_RETURN_TYPE = YES_ERROR;
				GCC_WARN_UNDECLARED_SELECTOR = YES;
				GCC_WARN_UNINITIALIZED_AUTOS = YES_AGGRESSIVE;
				GCC_WARN_UNUSED_FUNCTION = YES;
				GCC_WARN_UNUSED_VARIABLE = YES;
				IPHONEOS_DEPLOYMENT_TARGET = 11.4;
				MTL_ENABLE_DEBUG_INFO = YES;
				ONLY_ACTIVE_ARCH = YES;
				SDKROOT = iphoneos;
			};
			name = Debug;
		};
		B85408102105E7C8001E931A /* Release */ = {
			isa = XCBuildConfiguration;
			buildSettings = {
				ALWAYS_SEARCH_USER_PATHS = NO;
				CLANG_ANALYZER_NONNULL = YES;
				CLANG_ANALYZER_NUMBER_OBJECT_CONVERSION = YES_AGGRESSIVE;
				CLANG_CXX_LANGUAGE_STANDARD = "gnu++14";
				CLANG_CXX_LIBRARY = "libc++";
				CLANG_ENABLE_MODULES = YES;
				CLANG_ENABLE_OBJC_ARC = YES;
				CLANG_ENABLE_OBJC_WEAK = YES;
				CLANG_WARN_BLOCK_CAPTURE_AUTORELEASING = YES;
				CLANG_WARN_BOOL_CONVERSION = YES;
				CLANG_WARN_COMMA = YES;
				CLANG_WARN_CONSTANT_CONVERSION = YES;
				CLANG_WARN_DEPRECATED_OBJC_IMPLEMENTATIONS = YES;
				CLANG_WARN_DIRECT_OBJC_ISA_USAGE = YES_ERROR;
				CLANG_WARN_DOCUMENTATION_COMMENTS = YES;
				CLANG_WARN_EMPTY_BODY = YES;
				CLANG_WARN_ENUM_CONVERSION = YES;
				CLANG_WARN_INFINITE_RECURSION = YES;
				CLANG_WARN_INT_CONVERSION = YES;
				CLANG_WARN_NON_LITERAL_NULL_CONVERSION = YES;
				CLANG_WARN_OBJC_IMPLICIT_RETAIN_SELF = YES;
				CLANG_WARN_OBJC_LITERAL_CONVERSION = YES;
				CLANG_WARN_OBJC_ROOT_CLASS = YES_ERROR;
				CLANG_WARN_RANGE_LOOP_ANALYSIS = YES;
				CLANG_WARN_STRICT_PROTOTYPES = YES;
				CLANG_WARN_SUSPICIOUS_MOVE = YES;
				CLANG_WARN_UNGUARDED_AVAILABILITY = YES_AGGRESSIVE;
				CLANG_WARN_UNREACHABLE_CODE = YES;
				CLANG_WARN__DUPLICATE_METHOD_MATCH = YES;
				CODE_SIGN_IDENTITY = "iPhone Developer";
				COPY_PHASE_STRIP = NO;
				DEBUG_INFORMATION_FORMAT = "dwarf-with-dsym";
				ENABLE_NS_ASSERTIONS = NO;
				ENABLE_STRICT_OBJC_MSGSEND = YES;
				GCC_C_LANGUAGE_STANDARD = gnu11;
				GCC_NO_COMMON_BLOCKS = YES;
				GCC_WARN_64_TO_32_BIT_CONVERSION = YES;
				GCC_WARN_ABOUT_RETURN_TYPE = YES_ERROR;
				GCC_WARN_UNDECLARED_SELECTOR = YES;
				GCC_WARN_UNINITIALIZED_AUTOS = YES_AGGRESSIVE;
				GCC_WARN_UNUSED_FUNCTION = YES;
				GCC_WARN_UNUSED_VARIABLE = YES;
				IPHONEOS_DEPLOYMENT_TARGET = 11.4;
				MTL_ENABLE_DEBUG_INFO = NO;
				SDKROOT = iphoneos;
				VALIDATE_PRODUCT = YES;
			};
			name = Release;
		};
		B85408122105E7C8001E931A /* Debug */ = {
			isa = XCBuildConfiguration;
			baseConfigurationReference = F026D4910ABA235B0931053E /* Pods-IOS_OC_BASIC.debug.xcconfig */;
			buildSettings = {
				ASSETCATALOG_COMPILER_APPICON_NAME = AppIcon;
				CODE_SIGN_STYLE = Automatic;
				DEVELOPMENT_TEAM = 6U96F6BXWV;
				GCC_PREFIX_HEADER = Utils/PrefixHeader.pch;
				INFOPLIST_FILE = "$(SRCROOT)/info/Info.plist";
				LD_RUNPATH_SEARCH_PATHS = (
					"$(inherited)",
					"@executable_path/Frameworks",
				);
				PRODUCT_BUNDLE_IDENTIFIER = "com.yf.IOS-OC-BASIC";
				PRODUCT_NAME = "$(TARGET_NAME)";
				TARGETED_DEVICE_FAMILY = "1,2";
			};
			name = Debug;
		};
		B85408132105E7C8001E931A /* Release */ = {
			isa = XCBuildConfiguration;
			baseConfigurationReference = 54E83663B648419A594ACE8B /* Pods-IOS_OC_BASIC.release.xcconfig */;
			buildSettings = {
				ASSETCATALOG_COMPILER_APPICON_NAME = AppIcon;
				CODE_SIGN_STYLE = Automatic;
				DEVELOPMENT_TEAM = 6U96F6BXWV;
				GCC_PREFIX_HEADER = Utils/PrefixHeader.pch;
				INFOPLIST_FILE = "$(SRCROOT)/info/Info.plist";
				LD_RUNPATH_SEARCH_PATHS = (
					"$(inherited)",
					"@executable_path/Frameworks",
				);
				PRODUCT_BUNDLE_IDENTIFIER = "com.yf.IOS-OC-BASIC";
				PRODUCT_NAME = "$(TARGET_NAME)";
				TARGETED_DEVICE_FAMILY = "1,2";
			};
			name = Release;
		};
		B8DED583211AED4200234903 /* Debug */ = {
			isa = XCBuildConfiguration;
			buildSettings = {
				CODE_SIGN_IDENTITY = "";
				CODE_SIGN_STYLE = Automatic;
				CURRENT_PROJECT_VERSION = 1;
				DEFINES_MODULE = YES;
				DEVELOPMENT_TEAM = 6U96F6BXWV;
				DYLIB_COMPATIBILITY_VERSION = 1;
				DYLIB_CURRENT_VERSION = 1;
				DYLIB_INSTALL_NAME_BASE = "@rpath";
				INFOPLIST_FILE = IOS_OC_BaseKit/Info.plist;
				INSTALL_PATH = "$(LOCAL_LIBRARY_DIR)/Frameworks";
				IPHONEOS_DEPLOYMENT_TARGET = 8.0;
				LD_RUNPATH_SEARCH_PATHS = (
					"$(inherited)",
					"@executable_path/Frameworks",
					"@loader_path/Frameworks",
				);
				MACH_O_TYPE = mh_dylib;
				PRODUCT_BUNDLE_IDENTIFIER = "com.yf.IOS-OC-BaseKit";
				PRODUCT_NAME = "$(TARGET_NAME:c99extidentifier)";
				SKIP_INSTALL = YES;
				TARGETED_DEVICE_FAMILY = "1,2";
				VERSIONING_SYSTEM = "apple-generic";
				VERSION_INFO_PREFIX = "";
			};
			name = Debug;
		};
		B8DED584211AED4200234903 /* Release */ = {
			isa = XCBuildConfiguration;
			buildSettings = {
				CODE_SIGN_IDENTITY = "";
				CODE_SIGN_STYLE = Automatic;
				CURRENT_PROJECT_VERSION = 1;
				DEFINES_MODULE = YES;
				DEVELOPMENT_TEAM = 6U96F6BXWV;
				DYLIB_COMPATIBILITY_VERSION = 1;
				DYLIB_CURRENT_VERSION = 1;
				DYLIB_INSTALL_NAME_BASE = "@rpath";
				INFOPLIST_FILE = IOS_OC_BaseKit/Info.plist;
				INSTALL_PATH = "$(LOCAL_LIBRARY_DIR)/Frameworks";
				IPHONEOS_DEPLOYMENT_TARGET = 8.0;
				LD_RUNPATH_SEARCH_PATHS = (
					"$(inherited)",
					"@executable_path/Frameworks",
					"@loader_path/Frameworks",
				);
				MACH_O_TYPE = mh_dylib;
				PRODUCT_BUNDLE_IDENTIFIER = "com.yf.IOS-OC-BaseKit";
				PRODUCT_NAME = "$(TARGET_NAME:c99extidentifier)";
				SKIP_INSTALL = YES;
				TARGETED_DEVICE_FAMILY = "1,2";
				VERSIONING_SYSTEM = "apple-generic";
				VERSION_INFO_PREFIX = "";
			};
			name = Release;
		};
/* End XCBuildConfiguration section */

/* Begin XCConfigurationList section */
		B85407F62105E7C7001E931A /* Build configuration list for PBXProject "IOS_OC_BASIC" */ = {
			isa = XCConfigurationList;
			buildConfigurations = (
				B854080F2105E7C8001E931A /* Debug */,
				B85408102105E7C8001E931A /* Release */,
			);
			defaultConfigurationIsVisible = 0;
			defaultConfigurationName = Release;
		};
		B85408112105E7C8001E931A /* Build configuration list for PBXNativeTarget "IOS_OC_BASIC" */ = {
			isa = XCConfigurationList;
			buildConfigurations = (
				B85408122105E7C8001E931A /* Debug */,
				B85408132105E7C8001E931A /* Release */,
			);
			defaultConfigurationIsVisible = 0;
			defaultConfigurationName = Release;
		};
		B8DED585211AED4200234903 /* Build configuration list for PBXNativeTarget "IOS_OC_BaseKit" */ = {
			isa = XCConfigurationList;
			buildConfigurations = (
				B8DED583211AED4200234903 /* Debug */,
				B8DED584211AED4200234903 /* Release */,
			);
			defaultConfigurationIsVisible = 0;
			defaultConfigurationName = Release;
		};
/* End XCConfigurationList section */
	};
	rootObject = B85407F32105E7C7001E931A /* Project object */;
}
